
Microsoft Visual Studio Solution File, Format Version 12.00
# Visual Studio 15
VisualStudioVersion = 15.0.28307.1022
MinimumVisualStudioVersion = 10.0.40219.1
Project("{9A19103F-16F7-4668-BE54-9A1E7A4F7556}") = "API", "API\API.csproj", "{8933601D-5F11-4F31-8154-243C6547F4A4}"
EndProject
Project("{9A19103F-16F7-4668-BE54-9A1E7A4F7556}") = "WebApp-teste", "WebApp\WebApp-teste.csproj", "{6E61ED11-7C55-448D-8704-0BB8B902C487}"
EndProject
Project("{9A19103F-16F7-4668-BE54-9A1E7A4F7556}") = "WebApp", "Web\WebApp.csproj", "{09AA58AD-9384-44B4-843E-19412FDE5BC2}"
EndProject
Global
	GlobalSection(SolutionConfigurationPlatforms) = preSolution
		Debug|Any CPU = Debug|Any CPU
		Release|Any CPU = Release|Any CPU
	EndGlobalSection
	GlobalSection(ProjectConfigurationPlatforms) = postSolution
		{8933601D-5F11-4F31-8154-243C6547F4A4}.Debug|Any CPU.ActiveCfg = Debug|Any CPU
		{8933601D-5F11-4F31-8154-243C6547F4A4}.Debug|Any CPU.Build.0 = Debug|Any CPU
		{8933601D-5F11-4F31-8154-243C6547F4A4}.Release|Any CPU.ActiveCfg = Release|Any CPU
		{8933601D-5F11-4F31-8154-243C6547F4A4}.Release|Any CPU.Build.0 = Release|Any CPU
		{6E61ED11-7C55-448D-8704-0BB8B902C487}.Debug|Any CPU.ActiveCfg = Debug|Any CPU
		{6E61ED11-7C55-448D-8704-0BB8B902C487}.Debug|Any CPU.Build.0 = Debug|Any CPU
		{6E61ED11-7C55-448D-8704-0BB8B902C487}.Release|Any CPU.ActiveCfg = Release|Any CPU
		{6E61ED11-7C55-448D-8704-0BB8B902C487}.Release|Any CPU.Build.0 = Release|Any CPU
		{09AA58AD-9384-44B4-843E-19412FDE5BC2}.Debug|Any CPU.ActiveCfg = Debug|Any CPU
		{09AA58AD-9384-44B4-843E-19412FDE5BC2}.Debug|Any CPU.Build.0 = Debug|Any CPU
		{09AA58AD-9384-44B4-843E-19412FDE5BC2}.Release|Any CPU.ActiveCfg = Release|Any CPU
		{09AA58AD-9384-44B4-843E-19412FDE5BC2}.Release|Any CPU.Build.0 = Release|Any CPU
	EndGlobalSection
	GlobalSection(SolutionProperties) = preSolution
		HideSolutionNode = FALSE
	EndGlobalSection
	GlobalSection(ExtensibilityGlobals) = postSolution
		SolutionGuid = {665306B6-51DD-4301-BBD6-4C6196EB8D0C}
	EndGlobalSection
EndGlobal
